// !$*UTF8*$!
{
	archiveVersion = 1;
	classes = {
	};
	objectVersion = 55;
	objects = {

/* Begin PBXBuildFile section */
		9B13894627B59EF10070F53F /* AppDelegate.swift in Sources */ = {isa = PBXBuildFile; fileRef = 9B13894527B59EF10070F53F /* AppDelegate.swift */; };
		9B13894827B59EF10070F53F /* SceneDelegate.swift in Sources */ = {isa = PBXBuildFile; fileRef = 9B13894727B59EF10070F53F /* SceneDelegate.swift */; };
		9B13894F27B59EF30070F53F /* Assets.xcassets in Resources */ = {isa = PBXBuildFile; fileRef = 9B13894E27B59EF30070F53F /* Assets.xcassets */; };
		9B13895227B59EF30070F53F /* LaunchScreen.storyboard in Resources */ = {isa = PBXBuildFile; fileRef = 9B13895027B59EF30070F53F /* LaunchScreen.storyboard */; };
		9B13895A27B5A06E0070F53F /* WebServiceClient.swift in Sources */ = {isa = PBXBuildFile; fileRef = 9B13895927B5A06E0070F53F /* WebServiceClient.swift */; };
		9B13895C27B5A1220070F53F /* Product.swift in Sources */ = {isa = PBXBuildFile; fileRef = 9B13895B27B5A1220070F53F /* Product.swift */; };
		9B13895E27B5AA490070F53F /* WebServiceError.swift in Sources */ = {isa = PBXBuildFile; fileRef = 9B13895D27B5AA490070F53F /* WebServiceError.swift */; };
		9B13896227B5AA7B0070F53F /* DataProcessor.swift in Sources */ = {isa = PBXBuildFile; fileRef = 9B13896127B5AA7B0070F53F /* DataProcessor.swift */; };
		9BB6060427BAF02400D8E5D1 /* Router.swift in Sources */ = {isa = PBXBuildFile; fileRef = 9BB6060327BAF02400D8E5D1 /* Router.swift */; };
		9BB6060627BAF1CE00D8E5D1 /* ProductDetailViewController.swift in Sources */ = {isa = PBXBuildFile; fileRef = 9BB6060527BAF1CE00D8E5D1 /* ProductDetailViewController.swift */; };
		9BB6060C27BAF3D500D8E5D1 /* MockRouting.swift in Sources */ = {isa = PBXBuildFile; fileRef = 9BB6060B27BAF3D500D8E5D1 /* MockRouting.swift */; };
		9BF1A52D27BC3DCF0084D631 /* ProductDetailViewModel.swift in Sources */ = {isa = PBXBuildFile; fileRef = 9BF1A52C27BC3DCF0084D631 /* ProductDetailViewModel.swift */; };
		9BF85EB527B9292000E78364 /* ProductsViewController.swift in Sources */ = {isa = PBXBuildFile; fileRef = 9BF85EB427B9292000E78364 /* ProductsViewController.swift */; };
		9BF85EB727B9295000E78364 /* ProductsViewModel.swift in Sources */ = {isa = PBXBuildFile; fileRef = 9BF85EB627B9295000E78364 /* ProductsViewModel.swift */; };
		9BF85EC727B92F5800E78364 /* ProductsViewModelTests.swift in Sources */ = {isa = PBXBuildFile; fileRef = 9BF85EC627B92F5800E78364 /* ProductsViewModelTests.swift */; };
		9BF85EC927B92F7E00E78364 /* MockWebService.swift in Sources */ = {isa = PBXBuildFile; fileRef = 9BF85EC827B92F7E00E78364 /* MockWebService.swift */; };
		9BF85ECB27B9303100E78364 /* WebService.swift in Sources */ = {isa = PBXBuildFile; fileRef = 9BF85ECA27B9303100E78364 /* WebService.swift */; };
		9BF85ECD27B9344000E78364 /* ProductsState.swift in Sources */ = {isa = PBXBuildFile; fileRef = 9BF85ECC27B9344000E78364 /* ProductsState.swift */; };
/* End PBXBuildFile section */

/* Begin PBXContainerItemProxy section */
		9BF85EC127B92F3500E78364 /* PBXContainerItemProxy */ = {
			isa = PBXContainerItemProxy;
			containerPortal = 9B13893A27B59EF10070F53F /* Project object */;
			proxyType = 1;
			remoteGlobalIDString = 9B13894127B59EF10070F53F;
			remoteInfo = CodingPractice;
		};
/* End PBXContainerItemProxy section */

/* Begin PBXFileReference section */
		9B13894227B59EF10070F53F /* CodingPractice.app */ = {isa = PBXFileReference; explicitFileType = wrapper.application; includeInIndex = 0; path = CodingPractice.app; sourceTree = BUILT_PRODUCTS_DIR; };
		9B13894527B59EF10070F53F /* AppDelegate.swift */ = {isa = PBXFileReference; lastKnownFileType = sourcecode.swift; path = AppDelegate.swift; sourceTree = "<group>"; };
		9B13894727B59EF10070F53F /* SceneDelegate.swift */ = {isa = PBXFileReference; lastKnownFileType = sourcecode.swift; path = SceneDelegate.swift; sourceTree = "<group>"; };
		9B13894E27B59EF30070F53F /* Assets.xcassets */ = {isa = PBXFileReference; lastKnownFileType = folder.assetcatalog; path = Assets.xcassets; sourceTree = "<group>"; };
		9B13895127B59EF30070F53F /* Base */ = {isa = PBXFileReference; lastKnownFileType = file.storyboard; name = Base; path = Base.lproj/LaunchScreen.storyboard; sourceTree = "<group>"; };
		9B13895327B59EF30070F53F /* Info.plist */ = {isa = PBXFileReference; lastKnownFileType = text.plist.xml; path = Info.plist; sourceTree = "<group>"; };
		9B13895927B5A06E0070F53F /* WebServiceClient.swift */ = {isa = PBXFileReference; lastKnownFileType = sourcecode.swift; path = WebServiceClient.swift; sourceTree = "<group>"; };
		9B13895B27B5A1220070F53F /* Product.swift */ = {isa = PBXFileReference; lastKnownFileType = sourcecode.swift; path = Product.swift; sourceTree = "<group>"; };
		9B13895D27B5AA490070F53F /* WebServiceError.swift */ = {isa = PBXFileReference; lastKnownFileType = sourcecode.swift; path = WebServiceError.swift; sourceTree = "<group>"; };
		9B13896127B5AA7B0070F53F /* DataProcessor.swift */ = {isa = PBXFileReference; lastKnownFileType = sourcecode.swift; path = DataProcessor.swift; sourceTree = "<group>"; };
		9BB6060327BAF02400D8E5D1 /* Router.swift */ = {isa = PBXFileReference; lastKnownFileType = sourcecode.swift; path = Router.swift; sourceTree = "<group>"; };
		9BB6060527BAF1CE00D8E5D1 /* ProductDetailViewController.swift */ = {isa = PBXFileReference; lastKnownFileType = sourcecode.swift; path = ProductDetailViewController.swift; sourceTree = "<group>"; };
		9BB6060B27BAF3D500D8E5D1 /* MockRouting.swift */ = {isa = PBXFileReference; lastKnownFileType = sourcecode.swift; path = MockRouting.swift; sourceTree = "<group>"; };
		9BF1A52C27BC3DCF0084D631 /* ProductDetailViewModel.swift */ = {isa = PBXFileReference; lastKnownFileType = sourcecode.swift; path = ProductDetailViewModel.swift; sourceTree = "<group>"; };
		9BF85EB427B9292000E78364 /* ProductsViewController.swift */ = {isa = PBXFileReference; lastKnownFileType = sourcecode.swift; path = ProductsViewController.swift; sourceTree = "<group>"; };
		9BF85EB627B9295000E78364 /* ProductsViewModel.swift */ = {isa = PBXFileReference; lastKnownFileType = sourcecode.swift; path = ProductsViewModel.swift; sourceTree = "<group>"; };
		9BF85EBD27B92F3500E78364 /* CodingPracticeTests.xctest */ = {isa = PBXFileReference; explicitFileType = wrapper.cfbundle; includeInIndex = 0; path = CodingPracticeTests.xctest; sourceTree = BUILT_PRODUCTS_DIR; };
		9BF85EC627B92F5800E78364 /* ProductsViewModelTests.swift */ = {isa = PBXFileReference; lastKnownFileType = sourcecode.swift; path = ProductsViewModelTests.swift; sourceTree = "<group>"; };
		9BF85EC827B92F7E00E78364 /* MockWebService.swift */ = {isa = PBXFileReference; lastKnownFileType = sourcecode.swift; path = MockWebService.swift; sourceTree = "<group>"; };
		9BF85ECA27B9303100E78364 /* WebService.swift */ = {isa = PBXFileReference; lastKnownFileType = sourcecode.swift; path = WebService.swift; sourceTree = "<group>"; };
		9BF85ECC27B9344000E78364 /* ProductsState.swift */ = {isa = PBXFileReference; lastKnownFileType = sourcecode.swift; path = ProductsState.swift; sourceTree = "<group>"; };
/* End PBXFileReference section */

/* Begin PBXFrameworksBuildPhase section */
		9B13893F27B59EF10070F53F /* Frameworks */ = {
			isa = PBXFrameworksBuildPhase;
			buildActionMask = 2147483647;
			files = (
			);
			runOnlyForDeploymentPostprocessing = 0;
		};
		9BF85EBA27B92F3500E78364 /* Frameworks */ = {
			isa = PBXFrameworksBuildPhase;
			buildActionMask = 2147483647;
			files = (
			);
			runOnlyForDeploymentPostprocessing = 0;
		};
/* End PBXFrameworksBuildPhase section */

/* Begin PBXGroup section */
		9B13893927B59EF10070F53F = {
			isa = PBXGroup;
			children = (
				9B13894427B59EF10070F53F /* CodingPractice */,
				9BF85EBE27B92F3500E78364 /* CodingPracticeTests */,
				9B13894327B59EF10070F53F /* Products */,
			);
			sourceTree = "<group>";
		};
		9B13894327B59EF10070F53F /* Products */ = {
			isa = PBXGroup;
			children = (
				9B13894227B59EF10070F53F /* CodingPractice.app */,
				9BF85EBD27B92F3500E78364 /* CodingPracticeTests.xctest */,
			);
			name = Products;
			sourceTree = "<group>";
		};
		9B13894427B59EF10070F53F /* CodingPractice */ = {
			isa = PBXGroup;
			children = (
				9B13895F27B5AA5E0070F53F /* WebService */,
				9B13896027B5AA6C0070F53F /* Features */,
				9B13894527B59EF10070F53F /* AppDelegate.swift */,
				9B13894727B59EF10070F53F /* SceneDelegate.swift */,
				9B13894E27B59EF30070F53F /* Assets.xcassets */,
				9B13895027B59EF30070F53F /* LaunchScreen.storyboard */,
				9B13895327B59EF30070F53F /* Info.plist */,
			);
			path = CodingPractice;
			sourceTree = "<group>";
		};
		9B13895F27B5AA5E0070F53F /* WebService */ = {
			isa = PBXGroup;
			children = (
				9BF85ECA27B9303100E78364 /* WebService.swift */,
				9B13895D27B5AA490070F53F /* WebServiceError.swift */,
				9B13895927B5A06E0070F53F /* WebServiceClient.swift */,
				9B13896127B5AA7B0070F53F /* DataProcessor.swift */,
			);
			path = WebService;
			sourceTree = "<group>";
		};
		9B13896027B5AA6C0070F53F /* Features */ = {
			isa = PBXGroup;
			children = (
				9BF85EB827B9299500E78364 /* Products */,
				9BB6060727BAF1D200D8E5D1 /* ProductDetail */,
				9B13895B27B5A1220070F53F /* Product.swift */,
				9BB6060327BAF02400D8E5D1 /* Router.swift */,
			);
			path = Features;
			sourceTree = "<group>";
		};
		9BB6060727BAF1D200D8E5D1 /* ProductDetail */ = {
			isa = PBXGroup;
			children = (
				9BB6060527BAF1CE00D8E5D1 /* ProductDetailViewController.swift */,
				9BF1A52C27BC3DCF0084D631 /* ProductDetailViewModel.swift */,
			);
			path = ProductDetail;
			sourceTree = "<group>";
		};
		9BB6060A27BAF3AA00D8E5D1 /* Mocks */ = {
			isa = PBXGroup;
			children = (
				9BF85EC827B92F7E00E78364 /* MockWebService.swift */,
				9BB6060B27BAF3D500D8E5D1 /* MockRouting.swift */,
			);
			path = Mocks;
			sourceTree = "<group>";
		};
		9BF85EB827B9299500E78364 /* Products */ = {
			isa = PBXGroup;
			children = (
				9BF85ECC27B9344000E78364 /* ProductsState.swift */,
				9BF85EB427B9292000E78364 /* ProductsViewController.swift */,
				9BF85EB627B9295000E78364 /* ProductsViewModel.swift */,
			);
			path = Products;
			sourceTree = "<group>";
		};
		9BF85EBE27B92F3500E78364 /* CodingPracticeTests */ = {
			isa = PBXGroup;
			children = (
				9BB6060A27BAF3AA00D8E5D1 /* Mocks */,
				9BF85EC627B92F5800E78364 /* ProductsViewModelTests.swift */,
			);
			path = CodingPracticeTests;
			sourceTree = "<group>";
		};
/* End PBXGroup section */

/* Begin PBXNativeTarget section */
		9B13894127B59EF10070F53F /* CodingPractice */ = {
			isa = PBXNativeTarget;
			buildConfigurationList = 9B13895627B59EF30070F53F /* Build configuration list for PBXNativeTarget "CodingPractice" */;
			buildPhases = (
				9B13893E27B59EF10070F53F /* Sources */,
				9B13893F27B59EF10070F53F /* Frameworks */,
				9B13894027B59EF10070F53F /* Resources */,
			);
			buildRules = (
			);
			dependencies = (
			);
			name = CodingPractice;
			productName = CodingPractice;
			productReference = 9B13894227B59EF10070F53F /* CodingPractice.app */;
			productType = "com.apple.product-type.application";
		};
		9BF85EBC27B92F3500E78364 /* CodingPracticeTests */ = {
			isa = PBXNativeTarget;
			buildConfigurationList = 9BF85EC327B92F3500E78364 /* Build configuration list for PBXNativeTarget "CodingPracticeTests" */;
			buildPhases = (
				9BF85EB927B92F3500E78364 /* Sources */,
				9BF85EBA27B92F3500E78364 /* Frameworks */,
				9BF85EBB27B92F3500E78364 /* Resources */,
			);
			buildRules = (
			);
			dependencies = (
				9BF85EC227B92F3500E78364 /* PBXTargetDependency */,
			);
			name = CodingPracticeTests;
			productName = CodingPracticeTests;
			productReference = 9BF85EBD27B92F3500E78364 /* CodingPracticeTests.xctest */;
			productType = "com.apple.product-type.bundle.unit-test";
		};
/* End PBXNativeTarget section */

/* Begin PBXProject section */
		9B13893A27B59EF10070F53F /* Project object */ = {
			isa = PBXProject;
			attributes = {
				BuildIndependentTargetsInParallel = 1;
				LastSwiftUpdateCheck = 1310;
				LastUpgradeCheck = 1310;
				TargetAttributes = {
					9B13894127B59EF10070F53F = {
						CreatedOnToolsVersion = 13.1;
					};
					9BF85EBC27B92F3500E78364 = {
						CreatedOnToolsVersion = 13.1;
						LastSwiftMigration = 1310;
						TestTargetID = 9B13894127B59EF10070F53F;
					};
				};
			};
			buildConfigurationList = 9B13893D27B59EF10070F53F /* Build configuration list for PBXProject "CodingPractice" */;
			compatibilityVersion = "Xcode 13.0";
			developmentRegion = en;
			hasScannedForEncodings = 0;
			knownRegions = (
				en,
				Base,
			);
			mainGroup = 9B13893927B59EF10070F53F;
			productRefGroup = 9B13894327B59EF10070F53F /* Products */;
			projectDirPath = "";
			projectRoot = "";
			targets = (
				9B13894127B59EF10070F53F /* CodingPractice */,
				9BF85EBC27B92F3500E78364 /* CodingPracticeTests */,
			);
		};
/* End PBXProject section */

/* Begin PBXResourcesBuildPhase section */
		9B13894027B59EF10070F53F /* Resources */ = {
			isa = PBXResourcesBuildPhase;
			buildActionMask = 2147483647;
			files = (
				9B13895227B59EF30070F53F /* LaunchScreen.storyboard in Resources */,
				9B13894F27B59EF30070F53F /* Assets.xcassets in Resources */,
			);
			runOnlyForDeploymentPostprocessing = 0;
		};
		9BF85EBB27B92F3500E78364 /* Resources */ = {
			isa = PBXResourcesBuildPhase;
			buildActionMask = 2147483647;
			files = (
			);
			runOnlyForDeploymentPostprocessing = 0;
		};
/* End PBXResourcesBuildPhase section */

/* Begin PBXSourcesBuildPhase section */
		9B13893E27B59EF10070F53F /* Sources */ = {
			isa = PBXSourcesBuildPhase;
			buildActionMask = 2147483647;
			files = (
				9BB6060427BAF02400D8E5D1 /* Router.swift in Sources */,
				9BF85ECB27B9303100E78364 /* WebService.swift in Sources */,
				9BF85EB727B9295000E78364 /* ProductsViewModel.swift in Sources */,
				9B13896227B5AA7B0070F53F /* DataProcessor.swift in Sources */,
				9BF85ECD27B9344000E78364 /* ProductsState.swift in Sources */,
				9BB6060627BAF1CE00D8E5D1 /* ProductDetailViewController.swift in Sources */,
				9BF85EB527B9292000E78364 /* ProductsViewController.swift in Sources */,
				9B13894627B59EF10070F53F /* AppDelegate.swift in Sources */,
				9BF1A52D27BC3DCF0084D631 /* ProductDetailViewModel.swift in Sources */,
				9B13895C27B5A1220070F53F /* Product.swift in Sources */,
				9B13894827B59EF10070F53F /* SceneDelegate.swift in Sources */,
				9B13895E27B5AA490070F53F /* WebServiceError.swift in Sources */,
				9B13895A27B5A06E0070F53F /* WebServiceClient.swift in Sources */,
			);
			runOnlyForDeploymentPostprocessing = 0;
		};
		9BF85EB927B92F3500E78364 /* Sources */ = {
			isa = PBXSourcesBuildPhase;
			buildActionMask = 2147483647;
			files = (
				9BB6060C27BAF3D500D8E5D1 /* MockRouting.swift in Sources */,
				9BF85EC727B92F5800E78364 /* ProductsViewModelTests.swift in Sources */,
				9BF85EC927B92F7E00E78364 /* MockWebService.swift in Sources */,
			);
			runOnlyForDeploymentPostprocessing = 0;
		};
/* End PBXSourcesBuildPhase section */

/* Begin PBXTargetDependency section */
		9BF85EC227B92F3500E78364 /* PBXTargetDependency */ = {
			isa = PBXTargetDependency;
			target = 9B13894127B59EF10070F53F /* CodingPractice */;
			targetProxy = 9BF85EC127B92F3500E78364 /* PBXContainerItemProxy */;
		};
/* End PBXTargetDependency section */

/* Begin PBXVariantGroup section */
		9B13895027B59EF30070F53F /* LaunchScreen.storyboard */ = {
			isa = PBXVariantGroup;
			children = (
				9B13895127B59EF30070F53F /* Base */,
			);
			name = LaunchScreen.storyboard;
			sourceTree = "<group>";
		};
/* End PBXVariantGroup section */

/* Begin XCBuildConfiguration section */
		9B13895427B59EF30070F53F /* Debug */ = {
			isa = XCBuildConfiguration;
			buildSettings = {
				ALWAYS_SEARCH_USER_PATHS = NO;
				CLANG_ANALYZER_NONNULL = YES;
				CLANG_ANALYZER_NUMBER_OBJECT_CONVERSION = YES_AGGRESSIVE;
				CLANG_CXX_LANGUAGE_STANDARD = "gnu++17";
				CLANG_CXX_LIBRARY = "libc++";
				CLANG_ENABLE_MODULES = YES;
				CLANG_ENABLE_OBJC_ARC = YES;
				CLANG_ENABLE_OBJC_WEAK = YES;
				CLANG_WARN_BLOCK_CAPTURE_AUTORELEASING = YES;
				CLANG_WARN_BOOL_CONVERSION = YES;
				CLANG_WARN_COMMA = YES;
				CLANG_WARN_CONSTANT_CONVERSION = YES;
				CLANG_WARN_DEPRECATED_OBJC_IMPLEMENTATIONS = YES;
				CLANG_WARN_DIRECT_OBJC_ISA_USAGE = YES_ERROR;
				CLANG_WARN_DOCUMENTATION_COMMENTS = YES;
				CLANG_WARN_EMPTY_BODY = YES;
				CLANG_WARN_ENUM_CONVERSION = YES;
				CLANG_WARN_INFINITE_RECURSION = YES;
				CLANG_WARN_INT_CONVERSION = YES;
				CLANG_WARN_NON_LITERAL_NULL_CONVERSION = YES;
				CLANG_WARN_OBJC_IMPLICIT_RETAIN_SELF = YES;
				CLANG_WARN_OBJC_LITERAL_CONVERSION = YES;
				CLANG_WARN_OBJC_ROOT_CLASS = YES_ERROR;
				CLANG_WARN_QUOTED_INCLUDE_IN_FRAMEWORK_HEADER = YES;
				CLANG_WARN_RANGE_LOOP_ANALYSIS = YES;
				CLANG_WARN_STRICT_PROTOTYPES = YES;
				CLANG_WARN_SUSPICIOUS_MOVE = YES;
				CLANG_WARN_UNGUARDED_AVAILABILITY = YES_AGGRESSIVE;
				CLANG_WARN_UNREACHABLE_CODE = YES;
				CLANG_WARN__DUPLICATE_METHOD_MATCH = YES;
				COPY_PHASE_STRIP = NO;
				DEBUG_INFORMATION_FORMAT = dwarf;
				ENABLE_STRICT_OBJC_MSGSEND = YES;
				ENABLE_TESTABILITY = YES;
				GCC_C_LANGUAGE_STANDARD = gnu11;
				GCC_DYNAMIC_NO_PIC = NO;
				GCC_NO_COMMON_BLOCKS = YES;
				GCC_OPTIMIZATION_LEVEL = 0;
				GCC_PREPROCESSOR_DEFINITIONS = (
					"DEBUG=1",
					"$(inherited)",
				);
				GCC_WARN_64_TO_32_BIT_CONVERSION = YES;
				GCC_WARN_ABOUT_RETURN_TYPE = YES_ERROR;
				GCC_WARN_UNDECLARED_SELECTOR = YES;
				GCC_WARN_UNINITIALIZED_AUTOS = YES_AGGRESSIVE;
				GCC_WARN_UNUSED_FUNCTION = YES;
				GCC_WARN_UNUSED_VARIABLE = YES;
				IPHONEOS_DEPLOYMENT_TARGET = 15.0;
				MTL_ENABLE_DEBUG_INFO = INCLUDE_SOURCE;
				MTL_FAST_MATH = YES;
				ONLY_ACTIVE_ARCH = YES;
				SDKROOT = iphoneos;
				SWIFT_ACTIVE_COMPILATION_CONDITIONS = DEBUG;
				SWIFT_OPTIMIZATION_LEVEL = "-Onone";
			};
			name = Debug;
		};
		9B13895527B59EF30070F53F /* Release */ = {
			isa = XCBuildConfiguration;
			buildSettings = {
				ALWAYS_SEARCH_USER_PATHS = NO;
				CLANG_ANALYZER_NONNULL = YES;
				CLANG_ANALYZER_NUMBER_OBJECT_CONVERSION = YES_AGGRESSIVE;
				CLANG_CXX_LANGUAGE_STANDARD = "gnu++17";
				CLANG_CXX_LIBRARY = "libc++";
				CLANG_ENABLE_MODULES = YES;
				CLANG_ENABLE_OBJC_ARC = YES;
				CLANG_ENABLE_OBJC_WEAK = YES;
				CLANG_WARN_BLOCK_CAPTURE_AUTORELEASING = YES;
				CLANG_WARN_BOOL_CONVERSION = YES;
				CLANG_WARN_COMMA = YES;
				CLANG_WARN_CONSTANT_CONVERSION = YES;
				CLANG_WARN_DEPRECATED_OBJC_IMPLEMENTATIONS = YES;
				CLANG_WARN_DIRECT_OBJC_ISA_USAGE = YES_ERROR;
				CLANG_WARN_DOCUMENTATION_COMMENTS = YES;
				CLANG_WARN_EMPTY_BODY = YES;
				CLANG_WARN_ENUM_CONVERSION = YES;
				CLANG_WARN_INFINITE_RECURSION = YES;
				CLANG_WARN_INT_CONVERSION = YES;
				CLANG_WARN_NON_LITERAL_NULL_CONVERSION = YES;
				CLANG_WARN_OBJC_IMPLICIT_RETAIN_SELF = YES;
				CLANG_WARN_OBJC_LITERAL_CONVERSION = YES;
				CLANG_WARN_OBJC_ROOT_CLASS = YES_ERROR;
				CLANG_WARN_QUOTED_INCLUDE_IN_FRAMEWORK_HEADER = YES;
				CLANG_WARN_RANGE_LOOP_ANALYSIS = YES;
				CLANG_WARN_STRICT_PROTOTYPES = YES;
				CLANG_WARN_SUSPICIOUS_MOVE = YES;
				CLANG_WARN_UNGUARDED_AVAILABILITY = YES_AGGRESSIVE;
				CLANG_WARN_UNREACHABLE_CODE = YES;
				CLANG_WARN__DUPLICATE_METHOD_MATCH = YES;
				COPY_PHASE_STRIP = NO;
				DEBUG_INFORMATION_FORMAT = "dwarf-with-dsym";
				ENABLE_NS_ASSERTIONS = NO;
				ENABLE_STRICT_OBJC_MSGSEND = YES;
				GCC_C_LANGUAGE_STANDARD = gnu11;
				GCC_NO_COMMON_BLOCKS = YES;
				GCC_WARN_64_TO_32_BIT_CONVERSION = YES;
				GCC_WARN_ABOUT_RETURN_TYPE = YES_ERROR;
				GCC_WARN_UNDECLARED_SELECTOR = YES;
				GCC_WARN_UNINITIALIZED_AUTOS = YES_AGGRESSIVE;
				GCC_WARN_UNUSED_FUNCTION = YES;
				GCC_WARN_UNUSED_VARIABLE = YES;
				IPHONEOS_DEPLOYMENT_TARGET = 15.0;
				MTL_ENABLE_DEBUG_INFO = NO;
				MTL_FAST_MATH = YES;
				SDKROOT = iphoneos;
				SWIFT_COMPILATION_MODE = wholemodule;
				SWIFT_OPTIMIZATION_LEVEL = "-O";
				VALIDATE_PRODUCT = YES;
			};
			name = Release;
		};
		9B13895727B59EF30070F53F /* Debug */ = {
			isa = XCBuildConfiguration;
			buildSettings = {
				ASSETCATALOG_COMPILER_APPICON_NAME = AppIcon;
				ASSETCATALOG_COMPILER_GLOBAL_ACCENT_COLOR_NAME = AccentColor;
				CODE_SIGN_STYLE = Automatic;
				CURRENT_PROJECT_VERSION = 1;
				DEVELOPMENT_TEAM = 7466UF56YW;
				GENERATE_INFOPLIST_FILE = YES;
				INFOPLIST_FILE = CodingPractice/Info.plist;
				INFOPLIST_KEY_UIApplicationSupportsIndirectInputEvents = YES;
				INFOPLIST_KEY_UILaunchStoryboardName = LaunchScreen;
				INFOPLIST_KEY_UISupportedInterfaceOrientations_iPad = "UIInterfaceOrientationPortrait UIInterfaceOrientationPortraitUpsideDown UIInterfaceOrientationLandscapeLeft UIInterfaceOrientationLandscapeRight";
				INFOPLIST_KEY_UISupportedInterfaceOrientations_iPhone = "UIInterfaceOrientationPortrait UIInterfaceOrientationLandscapeLeft UIInterfaceOrientationLandscapeRight";
				LD_RUNPATH_SEARCH_PATHS = (
					"$(inherited)",
					"@executable_path/Frameworks",
				);
				MARKETING_VERSION = 1.0;
				PRODUCT_BUNDLE_IDENTIFIER = org.shenghuawu.CodingPractice;
				PRODUCT_NAME = "$(TARGET_NAME)";
				SWIFT_EMIT_LOC_STRINGS = YES;
				SWIFT_VERSION = 5.0;
				TARGETED_DEVICE_FAMILY = 1;
			};
			name = Debug;
		};
		9B13895827B59EF30070F53F /* Release */ = {
			isa = XCBuildConfiguration;
			buildSettings = {
				ASSETCATALOG_COMPILER_APPICON_NAME = AppIcon;
				ASSETCATALOG_COMPILER_GLOBAL_ACCENT_COLOR_NAME = AccentColor;
				CODE_SIGN_STYLE = Automatic;
				CURRENT_PROJECT_VERSION = 1;
				DEVELOPMENT_TEAM = 7466UF56YW;
				GENERATE_INFOPLIST_FILE = YES;
				INFOPLIST_FILE = CodingPractice/Info.plist;
				INFOPLIST_KEY_UIApplicationSupportsIndirectInputEvents = YES;
				INFOPLIST_KEY_UILaunchStoryboardName = LaunchScreen;
				INFOPLIST_KEY_UISupportedInterfaceOrientations_iPad = "UIInterfaceOrientationPortrait UIInterfaceOrientationPortraitUpsideDown UIInterfaceOrientationLandscapeLeft UIInterfaceOrientationLandscapeRight";
				INFOPLIST_KEY_UISupportedInterfaceOrientations_iPhone = "UIInterfaceOrientationPortrait UIInterfaceOrientationLandscapeLeft UIInterfaceOrientationLandscapeRight";
				LD_RUNPATH_SEARCH_PATHS = (
					"$(inherited)",
					"@executable_path/Frameworks",
				);
				MARKETING_VERSION = 1.0;
				PRODUCT_BUNDLE_IDENTIFIER = org.shenghuawu.CodingPractice;
				PRODUCT_NAME = "$(TARGET_NAME)";
				SWIFT_EMIT_LOC_STRINGS = YES;
				SWIFT_VERSION = 5.0;
				TARGETED_DEVICE_FAMILY = 1;
			};
			name = Release;
		};
		9BF85EC427B92F3500E78364 /* Debug */ = {
			isa = XCBuildConfiguration;
			buildSettings = {
				BUNDLE_LOADER = "$(TEST_HOST)";
				CLANG_ENABLE_MODULES = YES;
				CODE_SIGN_STYLE = Automatic;
				CURRENT_PROJECT_VERSION = 1;
				DEVELOPMENT_TEAM = 7466UF56YW;
				GENERATE_INFOPLIST_FILE = YES;
				LD_RUNPATH_SEARCH_PATHS = (
					"$(inherited)",
					"@executable_path/Frameworks",
					"@loader_path/Frameworks",
				);
				MARKETING_VERSION = 1.0;
				PRODUCT_BUNDLE_IDENTIFIER = org.shenghuawu.CodingPracticeTests;
				PRODUCT_NAME = "$(TARGET_NAME)";
				SWIFT_EMIT_LOC_STRINGS = NO;
				SWIFT_OPTIMIZATION_LEVEL = "-Onone";
				SWIFT_VERSION = 5.0;
				TARGETED_DEVICE_FAMILY = "1,2";
				TEST_HOST = "$(BUILT_PRODUCTS_DIR)/CodingPractice.app/CodingPractice";
			};
			name = Debug;
		};
		9BF85EC527B92F3500E78364 /* Release */ = {
			isa = XCBuildConfiguration;
			buildSettings = {
				BUNDLE_LOADER = "$(TEST_HOST)";
				CLANG_ENABLE_MODULES = YES;
				CODE_SIGN_STYLE = Automatic;
				CURRENT_PROJECT_VERSION = 1;
				DEVELOPMENT_TEAM = 7466UF56YW;
				GENERATE_INFOPLIST_FILE = YES;
				LD_RUNPATH_SEARCH_PATHS = (
					"$(inherited)",
					"@executable_path/Frameworks",
					"@loader_path/Frameworks",
				);
				MARKETING_VERSION = 1.0;
				PRODUCT_BUNDLE_IDENTIFIER = org.shenghuawu.CodingPracticeTests;
				PRODUCT_NAME = "$(TARGET_NAME)";
				SWIFT_EMIT_LOC_STRINGS = NO;
				SWIFT_VERSION = 5.0;
				TARGETED_DEVICE_FAMILY = "1,2";
				TEST_HOST = "$(BUILT_PRODUCTS_DIR)/CodingPractice.app/CodingPractice";
			};
			name = Release;
		};
/* End XCBuildConfiguration section */

/* Begin XCConfigurationList section */
		9B13893D27B59EF10070F53F /* Build configuration list for PBXProject "CodingPractice" */ = {
			isa = XCConfigurationList;
			buildConfigurations = (
				9B13895427B59EF30070F53F /* Debug */,
				9B13895527B59EF30070F53F /* Release */,
			);
			defaultConfigurationIsVisible = 0;
			defaultConfigurationName = Release;
		};
		9B13895627B59EF30070F53F /* Build configuration list for PBXNativeTarget "CodingPractice" */ = {
			isa = XCConfigurationList;
			buildConfigurations = (
				9B13895727B59EF30070F53F /* Debug */,
				9B13895827B59EF30070F53F /* Release */,
			);
			defaultConfigurationIsVisible = 0;
			defaultConfigurationName = Release;
		};
		9BF85EC327B92F3500E78364 /* Build configuration list for PBXNativeTarget "CodingPracticeTests" */ = {
			isa = XCConfigurationList;
			buildConfigurations = (
				9BF85EC427B92F3500E78364 /* Debug */,
				9BF85EC527B92F3500E78364 /* Release */,
			);
			defaultConfigurationIsVisible = 0;
			defaultConfigurationName = Release;
		};
/* End XCConfigurationList section */
	};
	rootObject = 9B13893A27B59EF10070F53F /* Project object */;
}
